
Microsoft Visual Studio Solution File, Format Version 12.00
# Visual Studio 15
VisualStudioVersion = 15.0.26430.14
MinimumVisualStudioVersion = 10.0.40219.1
Project("{FAE04EC0-301F-11D3-BF4B-00C04F79EFBC}") = "AutoMobileShowroom", "AutoMobileShowroom\AutoMobileShowroom.csproj", "{95444C41-C26C-489C-BB35-9DB6BB0872CF}"
EndProject
Project("{FAE04EC0-301F-11D3-BF4B-00C04F79EFBC}") = "AutoShowroomTest", "AutoShowroomTest\AutoShowroomTest.csproj", "{16C502F1-D5A2-4DDA-95FA-9CEBBBD0A27A}"
EndProject
Global
	GlobalSection(SolutionConfigurationPlatforms) = preSolution
		Debug|Any CPU = Debug|Any CPU
		Release|Any CPU = Release|Any CPU
	EndGlobalSection
	GlobalSection(ProjectConfigurationPlatforms) = postSolution
		{95444C41-C26C-489C-BB35-9DB6BB0872CF}.Debug|Any CPU.ActiveCfg = Debug|Any CPU
		{95444C41-C26C-489C-BB35-9DB6BB0872CF}.Debug|Any CPU.Build.0 = Debug|Any CPU
		{95444C41-C26C-489C-BB35-9DB6BB0872CF}.Release|Any CPU.ActiveCfg = Release|Any CPU
		{95444C41-C26C-489C-BB35-9DB6BB0872CF}.Release|Any CPU.Build.0 = Release|Any CPU
		{16C502F1-D5A2-4DDA-95FA-9CEBBBD0A27A}.Debug|Any CPU.ActiveCfg = Debug|Any CPU
		{16C502F1-D5A2-4DDA-95FA-9CEBBBD0A27A}.Debug|Any CPU.Build.0 = Debug|Any CPU
		{16C502F1-D5A2-4DDA-95FA-9CEBBBD0A27A}.Release|Any CPU.ActiveCfg = Release|Any CPU
		{16C502F1-D5A2-4DDA-95FA-9CEBBBD0A27A}.Release|Any CPU.Build.0 = Release|Any CPU
	EndGlobalSection
	GlobalSection(SolutionProperties) = preSolution
		HideSolutionNode = FALSE
	EndGlobalSection
EndGlobal
